
Microsoft Visual Studio Solution File, Format Version 12.00
# Visual Studio Version 16
VisualStudioVersion = 16.0.30204.135
MinimumVisualStudioVersion = 10.0.40219.1
Project("{FAE04EC0-301F-11D3-BF4B-00C04F79EFBC}") = "Encrypt-Decrypt V2", "Encrypt-Decrypt V2\Encrypt-Decrypt V2.csproj", "{16E53E37-0641-4A14-B67B-E20327525384}"
EndProject
Global
	GlobalSection(SolutionConfigurationPlatforms) = preSolution
		Debug|Any CPU = Debug|Any CPU
		Release|Any CPU = Release|Any CPU
	EndGlobalSection
	GlobalSection(ProjectConfigurationPlatforms) = postSolution
		{16E53E37-0641-4A14-B67B-E20327525384}.Debug|Any CPU.ActiveCfg = Debug|Any CPU
		{16E53E37-0641-4A14-B67B-E20327525384}.Debug|Any CPU.Build.0 = Debug|Any CPU
		{16E53E37-0641-4A14-B67B-E20327525384}.Release|Any CPU.ActiveCfg = Release|Any CPU
		{16E53E37-0641-4A14-B67B-E20327525384}.Release|Any CPU.Build.0 = Release|Any CPU
	EndGlobalSection
	GlobalSection(SolutionProperties) = preSolution
		HideSolutionNode = FALSE
	EndGlobalSection
	GlobalSection(ExtensibilityGlobals) = postSolution
		SolutionGuid = {AD1D564B-52F5-496E-976A-8850CFB12E77}
	EndGlobalSection
EndGlobal
